# THIS IS AN AUTOGENERATED FILE. DO NOT EDIT THIS FILE DIRECTLY.
# yarn lockfile v1


"@esbuild/android-arm@0.15.14":
  version "0.15.14"
  resolved "https://registry.yarnpkg.com/@esbuild/android-arm/-/android-arm-0.15.14.tgz#5d0027f920eeeac313c01fd6ecb8af50c306a466"
  integrity sha512-+Rb20XXxRGisNu2WmNKk+scpanb7nL5yhuI1KR9wQFiC43ddPj/V1fmNyzlFC9bKiG4mYzxW7egtoHVcynr+OA==

"@esbuild/linux-loong64@0.15.14":
  version "0.15.14"
  resolved "https://registry.yarnpkg.com/@esbuild/linux-loong64/-/linux-loong64-0.15.14.tgz#1221684955c44385f8af34f7240088b7dc08d19d"
  integrity sha512-eQi9rosGNVQFJyJWV0HCA5WZae/qWIQME7s8/j8DMvnylfBv62Pbu+zJ2eUDqNf2O4u3WB+OEXyfkpBoe194sg==

"@stablelib/aead@^1.0.1":
  version "1.0.1"
  resolved "https://registry.yarnpkg.com/@stablelib/aead/-/aead-1.0.1.tgz#c4b1106df9c23d1b867eb9b276d8f42d5fc4c0c3"
  integrity sha512-q39ik6sxGHewqtO0nP4BuSe3db5G1fEJE8ukvngS2gLkBXyy6E7pLubhbYgnkDFv6V8cWaxcE4Xn0t6LWcJkyg==

"@stablelib/binary@^1.0.1":
  version "1.0.1"
  resolved "https://registry.yarnpkg.com/@stablelib/binary/-/binary-1.0.1.tgz#c5900b94368baf00f811da5bdb1610963dfddf7f"
  integrity sha512-ClJWvmL6UBM/wjkvv/7m5VP3GMr9t0osr4yVgLZsLCOz4hGN9gIAFEqnJ0TsSMAN+n840nf2cHZnA5/KFqHC7Q==
  dependencies:
    "@stablelib/int" "^1.0.1"

"@stablelib/bytes@^1.0.1":
  version "1.0.1"
  resolved "https://registry.yarnpkg.com/@stablelib/bytes/-/bytes-1.0.1.tgz#0f4aa7b03df3080b878c7dea927d01f42d6a20d8"
  integrity sha512-Kre4Y4kdwuqL8BR2E9hV/R5sOrUj6NanZaZis0V6lX5yzqC3hBuVSDXUIBqQv/sCpmuWRiHLwqiT1pqqjuBXoQ==

"@stablelib/chacha20poly1305@1.0.1":
  version "1.0.1"
  resolved "https://registry.yarnpkg.com/@stablelib/chacha20poly1305/-/chacha20poly1305-1.0.1.tgz#de6b18e283a9cb9b7530d8767f99cde1fec4c2ee"
  integrity sha512-MmViqnqHd1ymwjOQfghRKw2R/jMIGT3wySN7cthjXCBdO+qErNPUBnRzqNpnvIwg7JBCg3LdeCZZO4de/yEhVA==
  dependencies:
    "@stablelib/aead" "^1.0.1"
    "@stablelib/binary" "^1.0.1"
    "@stablelib/chacha" "^1.0.1"
    "@stablelib/constant-time" "^1.0.1"
    "@stablelib/poly1305" "^1.0.1"
    "@stablelib/wipe" "^1.0.1"

"@stablelib/chacha@^1.0.1":
  version "1.0.1"
  resolved "https://registry.yarnpkg.com/@stablelib/chacha/-/chacha-1.0.1.tgz#deccfac95083e30600c3f92803a3a1a4fa761371"
  integrity sha512-Pmlrswzr0pBzDofdFuVe1q7KdsHKhhU24e8gkEwnTGOmlC7PADzLVxGdn2PoNVBBabdg0l/IfLKg6sHAbTQugg==
  dependencies:
    "@stablelib/binary" "^1.0.1"
    "@stablelib/wipe" "^1.0.1"

"@stablelib/constant-time@^1.0.1":
  version "1.0.1"
  resolved "https://registry.yarnpkg.com/@stablelib/constant-time/-/constant-time-1.0.1.tgz#bde361465e1cf7b9753061b77e376b0ca4c77e35"
  integrity sha512-tNOs3uD0vSJcK6z1fvef4Y+buN7DXhzHDPqRLSXUel1UfqMB1PWNsnnAezrKfEwTLpN0cGH2p9NNjs6IqeD0eg==

"@stablelib/ed25519@^1.0.2":
  version "1.0.3"
  resolved "https://registry.yarnpkg.com/@stablelib/ed25519/-/ed25519-1.0.3.tgz#f8fdeb6f77114897c887bb6a3138d659d3f35996"
  integrity sha512-puIMWaX9QlRsbhxfDc5i+mNPMY+0TmQEskunY1rZEBPi1acBCVQAhnsk/1Hk50DGPtVsZtAWQg4NHGlVaO9Hqg==
  dependencies:
    "@stablelib/random" "^1.0.2"
    "@stablelib/sha512" "^1.0.1"
    "@stablelib/wipe" "^1.0.1"

"@stablelib/hash@^1.0.1":
  version "1.0.1"
  resolved "https://registry.yarnpkg.com/@stablelib/hash/-/hash-1.0.1.tgz#3c944403ff2239fad8ebb9015e33e98444058bc5"
  integrity sha512-eTPJc/stDkdtOcrNMZ6mcMK1e6yBbqRBaNW55XA1jU8w/7QdnCF0CmMmOD1m7VSkBR44PWrMHU2l6r8YEQHMgg==

"@stablelib/hkdf@1.0.1":
  version "1.0.1"
  resolved "https://registry.yarnpkg.com/@stablelib/hkdf/-/hkdf-1.0.1.tgz#b4efd47fd56fb43c6a13e8775a54b354f028d98d"
  integrity sha512-SBEHYE16ZXlHuaW5RcGk533YlBj4grMeg5TooN80W3NpcHRtLZLLXvKyX0qcRFxf+BGDobJLnwkvgEwHIDBR6g==
  dependencies:
    "@stablelib/hash" "^1.0.1"
    "@stablelib/hmac" "^1.0.1"
    "@stablelib/wipe" "^1.0.1"

"@stablelib/hmac@^1.0.1":
  version "1.0.1"
  resolved "https://registry.yarnpkg.com/@stablelib/hmac/-/hmac-1.0.1.tgz#3d4c1b8cf194cb05d28155f0eed8a299620a07ec"
  integrity sha512-V2APD9NSnhVpV/QMYgCVMIYKiYG6LSqw1S65wxVoirhU/51ACio6D4yDVSwMzuTJXWZoVHbDdINioBwKy5kVmA==
  dependencies:
    "@stablelib/constant-time" "^1.0.1"
    "@stablelib/hash" "^1.0.1"
    "@stablelib/wipe" "^1.0.1"

"@stablelib/int@^1.0.1":
  version "1.0.1"
  resolved "https://registry.yarnpkg.com/@stablelib/int/-/int-1.0.1.tgz#75928cc25d59d73d75ae361f02128588c15fd008"
  integrity sha512-byr69X/sDtDiIjIV6m4roLVWnNNlRGzsvxw+agj8CIEazqWGOQp2dTYgQhtyVXV9wpO6WyXRQUzLV/JRNumT2w==

"@stablelib/keyagreement@^1.0.1":
  version "1.0.1"
  resolved "https://registry.yarnpkg.com/@stablelib/keyagreement/-/keyagreement-1.0.1.tgz#4612efb0a30989deb437cd352cee637ca41fc50f"
  integrity sha512-VKL6xBwgJnI6l1jKrBAfn265cspaWBPAPEc62VBQrWHLqVgNRE09gQ/AnOEyKUWrrqfD+xSQ3u42gJjLDdMDQg==
  dependencies:
    "@stablelib/bytes" "^1.0.1"

"@stablelib/poly1305@^1.0.1":
  version "1.0.1"
  resolved "https://registry.yarnpkg.com/@stablelib/poly1305/-/poly1305-1.0.1.tgz#93bfb836c9384685d33d70080718deae4ddef1dc"
  integrity sha512-1HlG3oTSuQDOhSnLwJRKeTRSAdFNVB/1djy2ZbS35rBSJ/PFqx9cf9qatinWghC2UbfOYD8AcrtbUQl8WoxabA==
  dependencies:
    "@stablelib/constant-time" "^1.0.1"
    "@stablelib/wipe" "^1.0.1"

"@stablelib/random@1.0.1":
  version "1.0.1"
  resolved "https://registry.yarnpkg.com/@stablelib/random/-/random-1.0.1.tgz#4357a00cb1249d484a9a71e6054bc7b8324a7009"
  integrity sha512-zOh+JHX3XG9MSfIB0LZl/YwPP9w3o6WBiJkZvjPoKKu5LKFW4OLV71vMxWp9qG5T43NaWyn0QQTWgqCdO+yOBQ==
  dependencies:
    "@stablelib/binary" "^1.0.1"
    "@stablelib/wipe" "^1.0.1"

"@stablelib/random@^1.0.1", "@stablelib/random@^1.0.2":
  version "1.0.2"
  resolved "https://registry.yarnpkg.com/@stablelib/random/-/random-1.0.2.tgz#2dece393636489bf7e19c51229dd7900eddf742c"
  integrity sha512-rIsE83Xpb7clHPVRlBj8qNe5L8ISQOzjghYQm/dZ7VaM2KHYwMW5adjQjrzTZCchFnNCNhkwtnOBa9HTMJCI8w==
  dependencies:
    "@stablelib/binary" "^1.0.1"
    "@stablelib/wipe" "^1.0.1"

"@stablelib/sha256@1.0.1":
  version "1.0.1"
  resolved "https://registry.yarnpkg.com/@stablelib/sha256/-/sha256-1.0.1.tgz#77b6675b67f9b0ea081d2e31bda4866297a3ae4f"
  integrity sha512-GIIH3e6KH+91FqGV42Kcj71Uefd/QEe7Dy42sBTeqppXV95ggCcxLTk39bEr+lZfJmp+ghsR07J++ORkRELsBQ==
  dependencies:
    "@stablelib/binary" "^1.0.1"
    "@stablelib/hash" "^1.0.1"
    "@stablelib/wipe" "^1.0.1"

"@stablelib/sha512@^1.0.1":
  version "1.0.1"
  resolved "https://registry.yarnpkg.com/@stablelib/sha512/-/sha512-1.0.1.tgz#6da700c901c2c0ceacbd3ae122a38ac57c72145f"
  integrity sha512-13gl/iawHV9zvDKciLo1fQ8Bgn2Pvf7OV6amaRVKiq3pjQ3UmEpXxWiAfV8tYjUpeZroBxtyrwtdooQT/i3hzw==
  dependencies:
    "@stablelib/binary" "^1.0.1"
    "@stablelib/hash" "^1.0.1"
    "@stablelib/wipe" "^1.0.1"

"@stablelib/wipe@^1.0.1":
  version "1.0.1"
  resolved "https://registry.yarnpkg.com/@stablelib/wipe/-/wipe-1.0.1.tgz#d21401f1d59ade56a62e139462a97f104ed19a36"
  integrity sha512-WfqfX/eXGiAd3RJe4VU2snh/ZPwtSjLG4ynQ/vYzvghTh7dHFcI1wl+nrkWG6lGhukOxOsUHfv8dUXr58D0ayg==

"@stablelib/x25519@1.0.2":
  version "1.0.2"
  resolved "https://registry.yarnpkg.com/@stablelib/x25519/-/x25519-1.0.2.tgz#ae21e2ab668076ec2eb2b4853b82a27fab045fa1"
  integrity sha512-wTR0t0Bp1HABLFRbYaE3vFLuco2QbAg6QvxBnzi5j9qjhYezWHW7OiCZyaWbt25UkSaoolUUT4Il0nS/2vcbSw==
  dependencies:
    "@stablelib/keyagreement" "^1.0.1"
    "@stablelib/random" "^1.0.1"
    "@stablelib/wipe" "^1.0.1"

"@walletconnect/core@2.1.3":
  version "2.1.3"
  resolved "https://registry.yarnpkg.com/@walletconnect/core/-/core-2.1.3.tgz#870d5acaa2cf237a726fb3898a86ed6f0b0a2141"
  integrity sha512-KA/ebt/b8nQtK0gErJBkZVZ93s/U3vsyfOnLVclO7d54ML0et2beHWa6thzeX88SuwOTiBTZvGTX9d5oPaFmqQ==
  dependencies:
    "@walletconnect/heartbeat" "1.0.0"
    "@walletconnect/jsonrpc-provider" "1.0.5"
    "@walletconnect/jsonrpc-utils" "1.0.3"
    "@walletconnect/jsonrpc-ws-connection" "1.0.3"
    "@walletconnect/keyvaluestorage" "1.0.1-rc.2"
    "@walletconnect/logger" "2.0.0"
    "@walletconnect/relay-api" "1.0.6"
    "@walletconnect/relay-auth" "1.0.3"
    "@walletconnect/safe-json" "1.0.0"
    "@walletconnect/time" "1.0.1"
    "@walletconnect/types" "2.1.3"
    "@walletconnect/utils" "2.1.3"
    lodash.isequal "4.5.0"
    pino "7.11.0"
    uint8arrays "3.1.0"

"@walletconnect/environment@^1.0.0":
  version "1.0.0"
  resolved "https://registry.yarnpkg.com/@walletconnect/environment/-/environment-1.0.0.tgz#c4545869fa9c389ec88c364e1a5f8178e8ab5034"
  integrity sha512-4BwqyWy6KpSvkocSaV7WR3BlZfrxLbJSLkg+j7Gl6pTDE+U55lLhJvQaMuDVazXYxcjBsG09k7UlH7cGiUI5vQ==

"@walletconnect/events@1.0.0", "@walletconnect/events@^1.0.0":
  version "1.0.0"
  resolved "https://registry.yarnpkg.com/@walletconnect/events/-/events-1.0.0.tgz#000033a52a618345713d5bd43e8780d120c5accc"
  integrity sha512-LLf8krnHo+PsObwMZbGhVaG24SvGTJM0MEtPNhrlQmp27CRV+LwYpHLh7fhABcnUon4aeo7dojCJMmx5jBNWuQ==
  dependencies:
    keyvaluestorage-interface "^1.0.0"

"@walletconnect/heartbeat@1.0.0":
  version "1.0.0"
  resolved "https://registry.yarnpkg.com/@walletconnect/heartbeat/-/heartbeat-1.0.0.tgz#d77d10aab467aafc45a09e25547d2158da630198"
  integrity sha512-WMWbUNHVkVd7FS38P0DMDlvR38P/kSZcda94t54h8XtC1CfI2M/Cn9TGS6mC6MNuDkZZm+cOdkekibQc+9sNdQ==
  dependencies:
    "@walletconnect/events" "^1.0.0"
    "@walletconnect/time" "^1.0.1"

"@walletconnect/jsonrpc-provider@1.0.5":
  version "1.0.5"
  resolved "https://registry.yarnpkg.com/@walletconnect/jsonrpc-provider/-/jsonrpc-provider-1.0.5.tgz#1a66053b6f083a9885a32b7c2c8f6a376f1a4458"
  integrity sha512-v61u4ZIV8+p9uIHS2Kl2YRj/2idrQiHcrbrJXw3McQkEJtj9mkCofr1Hu/n419wSRM5uiNK8Z4WRS9zGTTAhWQ==
  dependencies:
    "@walletconnect/jsonrpc-utils" "^1.0.3"
    "@walletconnect/safe-json" "^1.0.0"

"@walletconnect/jsonrpc-types@1.0.1", "@walletconnect/jsonrpc-types@^1.0.1":
  version "1.0.1"
  resolved "https://registry.yarnpkg.com/@walletconnect/jsonrpc-types/-/jsonrpc-types-1.0.1.tgz#a96b4bb2bcc8838a70e06f15c1b5ab11c47d8e95"
  integrity sha512-+6coTtOuChCqM+AoYyi4Q83p9l/laI6NvuM2/AHaZFuf0gT0NjW7IX2+86qGyizn7Ptq4AYZmfxurAxTnhefuw==
  dependencies:
    keyvaluestorage-interface "^1.0.0"

"@walletconnect/jsonrpc-utils@1.0.3", "@walletconnect/jsonrpc-utils@^1.0.3":
  version "1.0.3"
  resolved "https://registry.yarnpkg.com/@walletconnect/jsonrpc-utils/-/jsonrpc-utils-1.0.3.tgz#5bd49865eef0eae48e8b45a06731dc18691cf8c7"
  integrity sha512-3yb49bPk16MNLk6uIIHPSHQCpD6UAo1OMOx1rM8cW/MPEAYAzrSW5hkhG7NEUwX9SokRIgnZK3QuQkiyNzBMhQ==
  dependencies:
    "@walletconnect/environment" "^1.0.0"
    "@walletconnect/jsonrpc-types" "^1.0.1"

"@walletconnect/jsonrpc-ws-connection@1.0.3":
  version "1.0.3"
  resolved "https://registry.yarnpkg.com/@walletconnect/jsonrpc-ws-connection/-/jsonrpc-ws-connection-1.0.3.tgz#a2c9dce8ccbdeda4f7923356b32644ea4908375f"
  integrity sha512-+tKT3y8HvSdwXZkvF3+6FwnT9MYVdR7rxr1/x/hCPCB4DCLl4ZfDm8rP4doXbDaMJHaMrGn2JNT3RPABlOXSnw==
  dependencies:
    "@walletconnect/jsonrpc-utils" "^1.0.3"
    "@walletconnect/safe-json" "^1.0.0"
    ws "^7.5.1"

"@walletconnect/keyvaluestorage@1.0.1-rc.2":
  version "1.0.1-rc.2"
  resolved "https://registry.yarnpkg.com/@walletconnect/keyvaluestorage/-/keyvaluestorage-1.0.1-rc.2.tgz#d1dafec01a0e33fe3b70ed22e24fe5c5f0a09b37"
  integrity sha512-W704vnzAAZ4b/v7vEvYDul7fZ+TtG2vIfw8J41N8DnfBeee3IZ/urSrsAPaNUcDZArAWv/ZOYrIGHz5K9sdeUA==
  dependencies:
    localStorage "^1.0.4"
    safe-json-utils "^1.1.1"

"@walletconnect/logger@2.0.0":
  version "2.0.0"
  resolved "https://registry.yarnpkg.com/@walletconnect/logger/-/logger-2.0.0.tgz#31576f0d7b50e026a73497e5a1a51065227831e8"
  integrity sha512-KKWvBFi3wnyYt76S1PpHMpKoRNzCMEFAHsjENkIDzzT9x64rXu7aXUtEHVrlV6m5j9WTo2fxTjSINzmy23q3Hg==
  dependencies:
    pino "7.11.0"

"@walletconnect/relay-api@1.0.6":
  version "1.0.6"
  resolved "https://registry.yarnpkg.com/@walletconnect/relay-api/-/relay-api-1.0.6.tgz#6972b20a0fceee68f164a2d65064eaf458d4d27d"
  integrity sha512-KW7juHNomtzZWGZy+7MuzppXlUenBOz4AvLKNwXf5c9x8T0LhpodM/NnrsJsxB+Gu3dJl5Zv5R86CcCQIqxlKg==
  dependencies:
    "@walletconnect/jsonrpc-types" "^1.0.1"

"@walletconnect/relay-auth@1.0.3":
  version "1.0.3"
  resolved "https://registry.yarnpkg.com/@walletconnect/relay-auth/-/relay-auth-1.0.3.tgz#5a20fa0a95b0678fb26d7e96dc0e3f780867deec"
  integrity sha512-73BHB4oTftTGveNIFO0g73KjAl9dSPKUZ/3hgEo4FRs7SzXORUQKjeDsZnOWFYWaDeiozH2ckaJv5GJtORI79Q==
  dependencies:
    "@stablelib/ed25519" "^1.0.2"
    "@stablelib/random" "^1.0.1"
    "@walletconnect/safe-json" "^1.0.0"
    "@walletconnect/time" "^1.0.1"
    uint8arrays "^3.0.0"

"@walletconnect/safe-json@1.0.0", "@walletconnect/safe-json@^1.0.0":
  version "1.0.0"
  resolved "https://registry.yarnpkg.com/@walletconnect/safe-json/-/safe-json-1.0.0.tgz#12eeb11d43795199c045fafde97e3c91646683b2"
  integrity sha512-QJzp/S/86sUAgWY6eh5MKYmSfZaRpIlmCJdi5uG4DJlKkZrHEF7ye7gA+VtbVzvTtpM/gRwO2plQuiooIeXjfg==

"@walletconnect/sign-client@2.1.3":
  version "2.1.3"
  resolved "https://registry.yarnpkg.com/@walletconnect/sign-client/-/sign-client-2.1.3.tgz#20174a3772660470a68019c89456b1070243f07b"
  integrity sha512-5arBV835Rc1nXQx+nQc6GT7+PWOLOyX3Hy6d61bvYHSSoIovtDDFdkLYzIIvo/XrJDYUj2TNPloSJQHEJcHvQQ==
  dependencies:
    "@walletconnect/core" "2.1.3"
    "@walletconnect/events" "1.0.0"
    "@walletconnect/heartbeat" "1.0.0"
    "@walletconnect/jsonrpc-provider" "1.0.5"
    "@walletconnect/jsonrpc-utils" "1.0.3"
    "@walletconnect/logger" "2.0.0"
    "@walletconnect/time" "1.0.1"
    "@walletconnect/types" "2.1.3"
    "@walletconnect/utils" "2.1.3"
    pino "7.11.0"

"@walletconnect/time@1.0.1", "@walletconnect/time@^1.0.1":
  version "1.0.1"
  resolved "https://registry.yarnpkg.com/@walletconnect/time/-/time-1.0.1.tgz#645f596887e67c56522edbc2b170d46a97c87ce0"
  integrity sha512-LtNtHupTNranehLMh8Z/JN6xVySysSoJNjNCQ0ML+hOUkim5QX/VdvfovSpaX9qA2b95u7bIuTcq0O3UBk7Iyw==

"@walletconnect/types@2.1.3":
  version "2.1.3"
  resolved "https://registry.yarnpkg.com/@walletconnect/types/-/types-2.1.3.tgz#a225b860cdf166e9453849b2d01e5b48f1ecb065"
  integrity sha512-HItCM50xzMclFIpEsNX6WxMsZCKK+gUmInodTmuSJhJEy4Dc3/77bHJu3TSv/Ql4eNDcDFQ7GAIuXhn2rBGaHw==
  dependencies:
    "@walletconnect/events" "1.0.0"
    "@walletconnect/heartbeat" "1.0.0"
    "@walletconnect/jsonrpc-types" "1.0.1"
    "@walletconnect/keyvaluestorage" "1.0.1-rc.2"
    "@walletconnect/logger" "2.0.0"

"@walletconnect/utils@2.1.3":
  version "2.1.3"
  resolved "https://registry.yarnpkg.com/@walletconnect/utils/-/utils-2.1.3.tgz#423c5582e9d29d8476f82d041e3c857dbabecc04"
  integrity sha512-aTB0E4nVZddQOaz6frFurO9qbbrkm6uJGyXSOzRD+V7zfmZlD5k+FbggdIZOYg4f6JV4R4PxkQHyYN4419tZ7g==
  dependencies:
    "@stablelib/chacha20poly1305" "1.0.1"
    "@stablelib/hkdf" "1.0.1"
    "@stablelib/random" "1.0.1"
    "@stablelib/sha256" "1.0.1"
    "@stablelib/x25519" "1.0.2"
    "@walletconnect/jsonrpc-utils" "1.0.3"
    "@walletconnect/relay-api" "1.0.6"
    "@walletconnect/safe-json" "1.0.0"
    "@walletconnect/time" "1.0.1"
    "@walletconnect/types" "2.1.3"
    "@walletconnect/window-getters" "1.0.0"
    "@walletconnect/window-metadata" "1.0.0"
    detect-browser "5.3.0"
    query-string "7.1.1"
    uint8arrays "3.1.0"

"@walletconnect/window-getters@1.0.0", "@walletconnect/window-getters@^1.0.0":
  version "1.0.0"
  resolved "https://registry.yarnpkg.com/@walletconnect/window-getters/-/window-getters-1.0.0.tgz#1053224f77e725dfd611c83931b5f6c98c32bfc8"
  integrity sha512-xB0SQsLaleIYIkSsl43vm8EwETpBzJ2gnzk7e0wMF3ktqiTGS6TFHxcprMl5R44KKh4tCcHCJwolMCaDSwtAaA==

"@walletconnect/window-metadata@1.0.0":
  version "1.0.0"
  resolved "https://registry.yarnpkg.com/@walletconnect/window-metadata/-/window-metadata-1.0.0.tgz#93b1cc685e6b9b202f29c26be550fde97800c4e5"
  integrity sha512-9eFvmJxIKCC3YWOL97SgRkKhlyGXkrHwamfechmqszbypFspaSk+t2jQXAEU7YClHF6Qjw5eYOmy1//zFi9/GA==
  dependencies:
    "@walletconnect/window-getters" "^1.0.0"

atomic-sleep@^1.0.0:
  version "1.0.0"
  resolved "https://registry.yarnpkg.com/atomic-sleep/-/atomic-sleep-1.0.0.tgz#eb85b77a601fc932cfe432c5acd364a9e2c9075b"
  integrity sha512-kNOjDqAh7px0XWNI+4QbzoiR/nTkHAWNud2uvnJquD1/x5a7EQZMJT0AczqK0Qn67oY/TTQ1LbUKajZpp3I9tQ==

decode-uri-component@^0.2.0:
  version "0.2.0"
  resolved "https://registry.yarnpkg.com/decode-uri-component/-/decode-uri-component-0.2.0.tgz#eb3913333458775cb84cd1a1fae062106bb87545"
  integrity sha512-hjf+xovcEn31w/EUYdTXQh/8smFL/dzYjohQGEIgjyNavaJfBY2p5F527Bo1VPATxv0VYTUC2bOcXvqFwk78Og==

detect-browser@5.3.0:
  version "5.3.0"
  resolved "https://registry.yarnpkg.com/detect-browser/-/detect-browser-5.3.0.tgz#9705ef2bddf46072d0f7265a1fe300e36fe7ceca"
  integrity sha512-53rsFbGdwMwlF7qvCt0ypLM5V5/Mbl0szB7GPN8y9NCcbknYOeVVXdrXEq+90IwAfrrzt6Hd+u2E2ntakICU8w==

duplexify@^4.1.2:
  version "4.1.2"
  resolved "https://registry.yarnpkg.com/duplexify/-/duplexify-4.1.2.tgz#18b4f8d28289132fa0b9573c898d9f903f81c7b0"
  integrity sha512-fz3OjcNCHmRP12MJoZMPglx8m4rrFP8rovnk4vT8Fs+aonZoCwGg10dSsQsfP/E62eZcPTMSMP6686fu9Qlqtw==
  dependencies:
    end-of-stream "^1.4.1"
    inherits "^2.0.3"
    readable-stream "^3.1.1"
    stream-shift "^1.0.0"

end-of-stream@^1.4.1:
  version "1.4.4"
  resolved "https://registry.yarnpkg.com/end-of-stream/-/end-of-stream-1.4.4.tgz#5ae64a5f45057baf3626ec14da0ca5e4b2431eb0"
  integrity sha512-+uw1inIHVPQoaVuHzRyXd21icM+cnt4CzD5rW+NC1wjOUSTOs+Te7FOv7AhN7vS9x/oIyhLP5PR1H+phQAHu5Q==
  dependencies:
    once "^1.4.0"

esbuild-android-64@0.15.14:
  version "0.15.14"
  resolved "https://registry.yarnpkg.com/esbuild-android-64/-/esbuild-android-64-0.15.14.tgz#114e55b0d58fb7b45d7fa3d93516bd13fc8869cc"
  integrity sha512-HuilVIb4rk9abT4U6bcFdU35UHOzcWVGLSjEmC58OVr96q5UiRqzDtWjPlCMugjhgUGKEs8Zf4ueIvYbOStbIg==

esbuild-android-arm64@0.15.14:
  version "0.15.14"
  resolved "https://registry.yarnpkg.com/esbuild-android-arm64/-/esbuild-android-arm64-0.15.14.tgz#8541f38a9aacf88e574fb13f5ad4ca51a04c12bb"
  integrity sha512-/QnxRVxsR2Vtf3XottAHj7hENAMW2wCs6S+OZcAbc/8nlhbAL/bCQRCVD78VtI5mdwqWkVi3wMqM94kScQCgqg==

esbuild-darwin-64@0.15.14:
  version "0.15.14"
  resolved "https://registry.yarnpkg.com/esbuild-darwin-64/-/esbuild-darwin-64-0.15.14.tgz#b40b334db81ff1e3677a6712b23761748a157c57"
  integrity sha512-ToNuf1uifu8hhwWvoZJGCdLIX/1zpo8cOGnT0XAhDQXiKOKYaotVNx7pOVB1f+wHoWwTLInrOmh3EmA7Fd+8Vg==

esbuild-darwin-arm64@0.15.14:
  version "0.15.14"
  resolved "https://registry.yarnpkg.com/esbuild-darwin-arm64/-/esbuild-darwin-arm64-0.15.14.tgz#44b5c1477bb7bdb852dd905e906f68765e2828bc"
  integrity sha512-KgGP+y77GszfYJgceO0Wi/PiRtYo5y2Xo9rhBUpxTPaBgWDJ14gqYN0+NMbu+qC2fykxXaipHxN4Scaj9tUS1A==

esbuild-freebsd-64@0.15.14:
  version "0.15.14"
  resolved "https://registry.yarnpkg.com/esbuild-freebsd-64/-/esbuild-freebsd-64-0.15.14.tgz#8c57315d238690f34b6ed0c94e5cfc04c858247a"
  integrity sha512-xr0E2n5lyWw3uFSwwUXHc0EcaBDtsal/iIfLioflHdhAe10KSctV978Te7YsfnsMKzcoGeS366+tqbCXdqDHQA==

esbuild-freebsd-arm64@0.15.14:
  version "0.15.14"
  resolved "https://registry.yarnpkg.com/esbuild-freebsd-arm64/-/esbuild-freebsd-arm64-0.15.14.tgz#2e92acca09258daa849e635565f52469266f0b7b"
  integrity sha512-8XH96sOQ4b1LhMlO10eEWOjEngmZ2oyw3pW4o8kvBcpF6pULr56eeYVP5radtgw54g3T8nKHDHYEI5AItvskZg==

esbuild-linux-32@0.15.14:
  version "0.15.14"
  resolved "https://registry.yarnpkg.com/esbuild-linux-32/-/esbuild-linux-32-0.15.14.tgz#ca5ed3e9dff82df486ddde362d7e00775a597dfd"
  integrity sha512-6ssnvwaTAi8AzKN8By2V0nS+WF5jTP7SfuK6sStGnDP7MCJo/4zHgM9oE1eQTS2jPmo3D673rckuCzRlig+HMA==

esbuild-linux-64@0.15.14:
  version "0.15.14"
  resolved "https://registry.yarnpkg.com/esbuild-linux-64/-/esbuild-linux-64-0.15.14.tgz#42952e1d08a299d5f573c567639fb37b033befbf"
  integrity sha512-ONySx3U0wAJOJuxGUlXBWxVKFVpWv88JEv0NZ6NlHknmDd1yCbf4AEdClSgLrqKQDXYywmw4gYDvdLsS6z0hcw==

esbuild-linux-arm64@0.15.14:
  version "0.15.14"
  resolved "https://registry.yarnpkg.com/esbuild-linux-arm64/-/esbuild-linux-arm64-0.15.14.tgz#0c0d788099703327ec0ae70758cb2639ef6c5d88"
  integrity sha512-kle2Ov6a1e5AjlHlMQl1e+c4myGTeggrRzArQFmWp6O6JoqqB9hT+B28EW4tjFWgV/NxUq46pWYpgaWXsXRPAg==

esbuild-linux-arm@0.15.14:
  version "0.15.14"
  resolved "https://registry.yarnpkg.com/esbuild-linux-arm/-/esbuild-linux-arm-0.15.14.tgz#751a5ca5042cd60f669b07c3bcec3dd6c4f8151c"
  integrity sha512-D2LImAIV3QzL7lHURyCHBkycVFbKwkDb1XEUWan+2fb4qfW7qAeUtul7ZIcIwFKZgPcl+6gKZmvLgPSj26RQ2Q==

esbuild-linux-mips64le@0.15.14:
  version "0.15.14"
  resolved "https://registry.yarnpkg.com/esbuild-linux-mips64le/-/esbuild-linux-mips64le-0.15.14.tgz#da8ac35f2704de0b52bf53a99c12f604fbe9b916"
  integrity sha512-FVdMYIzOLXUq+OE7XYKesuEAqZhmAIV6qOoYahvUp93oXy0MOVTP370ECbPfGXXUdlvc0TNgkJa3YhEwyZ6MRA==

esbuild-linux-ppc64le@0.15.14:
  version "0.15.14"
  resolved "https://registry.yarnpkg.com/esbuild-linux-ppc64le/-/esbuild-linux-ppc64le-0.15.14.tgz#a315b5016917429080c3d32e03319f1ff876ac55"
  integrity sha512-2NzH+iuzMDA+jjtPjuIz/OhRDf8tzbQ1tRZJI//aT25o1HKc0reMMXxKIYq/8nSHXiJSnYV4ODzTiv45s+h73w==

esbuild-linux-riscv64@0.15.14:
  version "0.15.14"
  resolved "https://registry.yarnpkg.com/esbuild-linux-riscv64/-/esbuild-linux-riscv64-0.15.14.tgz#9f2e0a935e5086d398fc19c7ff5d217bfefe3e12"
  integrity sha512-VqxvutZNlQxmUNS7Ac+aczttLEoHBJ9e3OYGqnULrfipRvG97qLrAv9EUY9iSrRKBqeEbSvS9bSfstZqwz0T4Q==

esbuild-linux-s390x@0.15.14:
  version "0.15.14"
  resolved "https://registry.yarnpkg.com/esbuild-linux-s390x/-/esbuild-linux-s390x-0.15.14.tgz#53108112faff5a4e1bad17f7b0b0ffa1df4b7efb"
  integrity sha512-+KVHEUshX5n6VP6Vp/AKv9fZIl5kr2ph8EUFmQUJnDpHwcfTSn2AQgYYm0HTBR2Mr4d0Wlr0FxF/Cs5pbFgiOw==

esbuild-netbsd-64@0.15.14:
  version "0.15.14"
  resolved "https://registry.yarnpkg.com/esbuild-netbsd-64/-/esbuild-netbsd-64-0.15.14.tgz#5330efc41fe4f1c2bab5462bcfe7a4ffce7ba00a"
  integrity sha512-6D/dr17piEgevIm1xJfZP2SjB9Z+g8ERhNnBdlZPBWZl+KSPUKLGF13AbvC+nzGh8IxOH2TyTIdRMvKMP0nEzQ==

esbuild-openbsd-64@0.15.14:
  version "0.15.14"
  resolved "https://registry.yarnpkg.com/esbuild-openbsd-64/-/esbuild-openbsd-64-0.15.14.tgz#ee64944d863e937611fc31adf349e9bb4f5f7eac"
  integrity sha512-rREQBIlMibBetgr2E9Lywt2Qxv2ZdpmYahR4IUlAQ1Efv/A5gYdO0/VIN3iowDbCNTLxp0bb57Vf0LFcffD6kA==

esbuild-sunos-64@0.15.14:
  version "0.15.14"
  resolved "https://registry.yarnpkg.com/esbuild-sunos-64/-/esbuild-sunos-64-0.15.14.tgz#29b0b20de6fe6ef50f9fbe533ec20dc4b595f9aa"
  integrity sha512-DNVjSp/BY4IfwtdUAvWGIDaIjJXY5KI4uD82+15v6k/w7px9dnaDaJJ2R6Mu+KCgr5oklmFc0KjBjh311Gxl9Q==

esbuild-windows-32@0.15.14:
  version "0.15.14"
  resolved "https://registry.yarnpkg.com/esbuild-windows-32/-/esbuild-windows-32-0.15.14.tgz#05e9b159d664809f7a4a8a68ed048d193457b27d"
  integrity sha512-pHBWrcA+/oLgvViuG9FO3kNPO635gkoVrRQwe6ZY1S0jdET07xe2toUvQoJQ8KT3/OkxqUasIty5hpuKFLD+eg==

esbuild-windows-64@0.15.14:
  version "0.15.14"
  resolved "https://registry.yarnpkg.com/esbuild-windows-64/-/esbuild-windows-64-0.15.14.tgz#d5ae086728ab30b72969e40ed0a7a0d9082f2cdd"
  integrity sha512-CszIGQVk/P8FOS5UgAH4hKc9zOaFo69fe+k1rqgBHx3CSK3Opyk5lwYriIamaWOVjBt7IwEP6NALz+tkVWdFog==

esbuild-windows-arm64@0.15.14:
  version "0.15.14"
  resolved "https://registry.yarnpkg.com/esbuild-windows-arm64/-/esbuild-windows-arm64-0.15.14.tgz#8eb50ab9a0ecaf058593fbad17502749306f801d"
  integrity sha512-KW9W4psdZceaS9A7Jsgl4WialOznSURvqX/oHZk3gOP7KbjtHLSsnmSvNdzagGJfxbAe30UVGXRe8q8nDsOSQw==

esbuild@^0.15.9:
  version "0.15.14"
  resolved "https://registry.yarnpkg.com/esbuild/-/esbuild-0.15.14.tgz#09202b811f1710363d5088a3401a351351c79875"
  integrity sha512-pJN8j42fvWLFWwSMG4luuupl2Me7mxciUOsMegKvwCmhEbJ2covUdFnihxm0FMIBV+cbwbtMoHgMCCI+pj1btQ==
  optionalDependencies:
    "@esbuild/android-arm" "0.15.14"
    "@esbuild/linux-loong64" "0.15.14"
    esbuild-android-64 "0.15.14"
    esbuild-android-arm64 "0.15.14"
    esbuild-darwin-64 "0.15.14"
    esbuild-darwin-arm64 "0.15.14"
    esbuild-freebsd-64 "0.15.14"
    esbuild-freebsd-arm64 "0.15.14"
    esbuild-linux-32 "0.15.14"
    esbuild-linux-64 "0.15.14"
    esbuild-linux-arm "0.15.14"
    esbuild-linux-arm64 "0.15.14"
    esbuild-linux-mips64le "0.15.14"
    esbuild-linux-ppc64le "0.15.14"
    esbuild-linux-riscv64 "0.15.14"
    esbuild-linux-s390x "0.15.14"
    esbuild-netbsd-64 "0.15.14"
    esbuild-openbsd-64 "0.15.14"
    esbuild-sunos-64 "0.15.14"
    esbuild-windows-32 "0.15.14"
    esbuild-windows-64 "0.15.14"
    esbuild-windows-arm64 "0.15.14"

fast-redact@^3.0.0:
  version "3.1.2"
  resolved "https://registry.yarnpkg.com/fast-redact/-/fast-redact-3.1.2.tgz#d58e69e9084ce9fa4c1a6fa98a3e1ecf5d7839aa"
  integrity sha512-+0em+Iya9fKGfEQGcd62Yv6onjBmmhV1uh86XVfOU8VwAe6kaFdQCWI9s0/Nnugx5Vd9tdbZ7e6gE2tR9dzXdw==

filter-obj@^1.1.0:
  version "1.1.0"
  resolved "https://registry.yarnpkg.com/filter-obj/-/filter-obj-1.1.0.tgz#9b311112bc6c6127a16e016c6c5d7f19e0805c5b"
  integrity sha512-8rXg1ZnX7xzy2NGDVkBVaAy+lSlPNwad13BtgSlLuxfIslyt5Vg64U7tFcCt4WS1R0hvtnQybT/IyCkGZ3DpXQ==

fsevents@~2.3.2:
  version "2.3.2"
  resolved "https://registry.yarnpkg.com/fsevents/-/fsevents-2.3.2.tgz#8a526f78b8fdf4623b709e0b975c52c24c02fd1a"
  integrity sha512-xiqMQR4xAeHTuB9uWm+fFRcIOgKBMiOBP+eXiyT7jsgVCq1bkVygt00oASowB7EdtpOHaaPgKt812P9ab+DDKA==

function-bind@^1.1.1:
  version "1.1.1"
  resolved "https://registry.yarnpkg.com/function-bind/-/function-bind-1.1.1.tgz#a56899d3ea3c9bab874bb9773b7c5ede92f4895d"
  integrity sha512-yIovAzMX49sF8Yl58fSCWJ5svSLuaibPxXQJFLmBObTuCr0Mf1KiPopGM9NiFjiYBCbfaa2Fh6breQ6ANVTI0A==

has@^1.0.3:
  version "1.0.3"
  resolved "https://registry.yarnpkg.com/has/-/has-1.0.3.tgz#722d7cbfc1f6aa8241f16dd814e011e1f41e8796"
  integrity sha512-f2dvO0VU6Oej7RkWJGrehjbzMAjFp5/VKPp5tTpWIV4JHHZK1/BxbFRtf/siA2SWTe09caDmVtYYzWEIbBS4zw==
  dependencies:
    function-bind "^1.1.1"

inherits@^2.0.3:
  version "2.0.4"
  resolved "https://registry.yarnpkg.com/inherits/-/inherits-2.0.4.tgz#0fa2c64f932917c3433a0ded55363aae37416b7c"
  integrity sha512-k/vGaX4/Yla3WzyMCvTQOXYeIHvqOKtnqBduzTHpzpQZzAskKMhZ2K+EnBiSM9zGSoIFeMpXKxa4dYeZIQqewQ==

is-core-module@^2.9.0:
  version "2.11.0"
  resolved "https://registry.yarnpkg.com/is-core-module/-/is-core-module-2.11.0.tgz#ad4cb3e3863e814523c96f3f58d26cc570ff0144"
  integrity sha512-RRjxlvLDkD1YJwDbroBHMb+cukurkDWNyHx7D3oNB5x9rb5ogcksMC5wHCadcXoo67gVr/+3GFySh3134zi6rw==
  dependencies:
    has "^1.0.3"

keyvaluestorage-interface@^1.0.0:
  version "1.0.0"
  resolved "https://registry.yarnpkg.com/keyvaluestorage-interface/-/keyvaluestorage-interface-1.0.0.tgz#13ebdf71f5284ad54be94bd1ad9ed79adad515ff"
  integrity sha512-8t6Q3TclQ4uZynJY9IGr2+SsIGwK9JHcO6ootkHCGA0CrQCRy+VkouYNO2xicET6b9al7QKzpebNow+gkpCL8g==

localStorage@^1.0.4:
  version "1.0.4"
  resolved "https://registry.yarnpkg.com/localStorage/-/localStorage-1.0.4.tgz#57dfa28084385f81431accb8ae24b196398223f7"
  integrity sha512-r35zrihcDiX+dqWlJSeIwS9nrF95OQTgqMFm3FB2D/+XgdmZtcutZOb7t0xXkhOEM8a9kpuu7cc28g1g36I5DQ==

lodash.isequal@4.5.0:
  version "4.5.0"
  resolved "https://registry.yarnpkg.com/lodash.isequal/-/lodash.isequal-4.5.0.tgz#415c4478f2bcc30120c22ce10ed3226f7d3e18e0"
  integrity sha512-pDo3lu8Jhfjqls6GkMgpahsF9kCyayhgykjyLMNFTKWrpVdAQtYyB4muAMWozBB4ig/dtWAmsMxLEI8wuz+DYQ==

multiformats@^9.4.2:
  version "9.9.0"
  resolved "https://registry.yarnpkg.com/multiformats/-/multiformats-9.9.0.tgz#c68354e7d21037a8f1f8833c8ccd68618e8f1d37"
  integrity sha512-HoMUjhH9T8DDBNT+6xzkrd9ga/XiBI4xLr58LJACwK6G3HTOPeMz4nB4KJs33L2BelrIJa7P0VuNaVF3hMYfjg==

nanoid@^3.3.4:
  version "3.3.4"
  resolved "https://registry.yarnpkg.com/nanoid/-/nanoid-3.3.4.tgz#730b67e3cd09e2deacf03c027c81c9d9dbc5e8ab"
  integrity sha512-MqBkQh/OHTS2egovRtLk45wEyNXwF+cokD+1YPf9u5VfJiRdAiRwB2froX5Co9Rh20xs4siNPm8naNotSD6RBw==

on-exit-leak-free@^0.2.0:
  version "0.2.0"
  resolved "https://registry.yarnpkg.com/on-exit-leak-free/-/on-exit-leak-free-0.2.0.tgz#b39c9e3bf7690d890f4861558b0d7b90a442d209"
  integrity sha512-dqaz3u44QbRXQooZLTUKU41ZrzYrcvLISVgbrzbyCMxpmSLJvZ3ZamIJIZ29P6OhZIkNIQKosdeM6t1LYbA9hg==

once@^1.4.0:
  version "1.4.0"
  resolved "https://registry.yarnpkg.com/once/-/once-1.4.0.tgz#583b1aa775961d4b113ac17d9c50baef9dd76bd1"
  integrity sha512-lNaJgI+2Q5URQBkccEKHTQOPaXdUxnZZElQTZY0MFUAuaEqe1E+Nyvgdz/aIyNi6Z9MzO5dv1H8n58/GELp3+w==
  dependencies:
    wrappy "1"

path-parse@^1.0.7:
  version "1.0.7"
  resolved "https://registry.yarnpkg.com/path-parse/-/path-parse-1.0.7.tgz#fbc114b60ca42b30d9daf5858e4bd68bbedb6735"
  integrity sha512-LDJzPVEEEPR+y48z93A0Ed0yXb8pAByGWo/k5YYdYgpY2/2EsOsksJrq7lOHxryrVOn1ejG6oAp8ahvOIQD8sw==

picocolors@^1.0.0:
  version "1.0.0"
  resolved "https://registry.yarnpkg.com/picocolors/-/picocolors-1.0.0.tgz#cb5bdc74ff3f51892236eaf79d68bc44564ab81c"
  integrity sha512-1fygroTLlHu66zi26VoTDv8yRgm0Fccecssto+MhsZ0D/DGW2sm8E8AjW7NU5VVTRt5GxbeZ5qBuJr+HyLYkjQ==

pino-abstract-transport@v0.5.0:
  version "0.5.0"
  resolved "https://registry.yarnpkg.com/pino-abstract-transport/-/pino-abstract-transport-0.5.0.tgz#4b54348d8f73713bfd14e3dc44228739aa13d9c0"
  integrity sha512-+KAgmVeqXYbTtU2FScx1XS3kNyfZ5TrXY07V96QnUSFqo2gAqlvmaxH67Lj7SWazqsMabf+58ctdTcBgnOLUOQ==
  dependencies:
    duplexify "^4.1.2"
    split2 "^4.0.0"

pino-std-serializers@^4.0.0:
  version "4.0.0"
  resolved "https://registry.yarnpkg.com/pino-std-serializers/-/pino-std-serializers-4.0.0.tgz#1791ccd2539c091ae49ce9993205e2cd5dbba1e2"
  integrity sha512-cK0pekc1Kjy5w9V2/n+8MkZwusa6EyyxfeQCB799CQRhRt/CqYKiWs5adeu8Shve2ZNffvfC/7J64A2PJo1W/Q==

pino@7.11.0:
  version "7.11.0"
  resolved "https://registry.yarnpkg.com/pino/-/pino-7.11.0.tgz#0f0ea5c4683dc91388081d44bff10c83125066f6"
  integrity sha512-dMACeu63HtRLmCG8VKdy4cShCPKaYDR4youZqoSWLxl5Gu99HUw8bw75thbPv9Nip+H+QYX8o3ZJbTdVZZ2TVg==
  dependencies:
    atomic-sleep "^1.0.0"
    fast-redact "^3.0.0"
    on-exit-leak-free "^0.2.0"
    pino-abstract-transport v0.5.0
    pino-std-serializers "^4.0.0"
    process-warning "^1.0.0"
    quick-format-unescaped "^4.0.3"
    real-require "^0.1.0"
    safe-stable-stringify "^2.1.0"
    sonic-boom "^2.2.1"
    thread-stream "^0.15.1"

postcss@^8.4.18:
  version "8.4.19"
  resolved "https://registry.yarnpkg.com/postcss/-/postcss-8.4.19.tgz#61178e2add236b17351897c8bcc0b4c8ecab56fc"
  integrity sha512-h+pbPsyhlYj6N2ozBmHhHrs9DzGmbaarbLvWipMRO7RLS+v4onj26MPFXA5OBYFxyqYhUJK456SwDcY9H2/zsA==
  dependencies:
    nanoid "^3.3.4"
    picocolors "^1.0.0"
    source-map-js "^1.0.2"

process-warning@^1.0.0:
  version "1.0.0"
  resolved "https://registry.yarnpkg.com/process-warning/-/process-warning-1.0.0.tgz#980a0b25dc38cd6034181be4b7726d89066b4616"
  integrity sha512-du4wfLyj4yCZq1VupnVSZmRsPJsNuxoDQFdCFHLaYiEbFBD7QE0a+I4D7hOxrVnh78QE/YipFAj9lXHiXocV+Q==

query-string@7.1.1:
  version "7.1.1"
  resolved "https://registry.yarnpkg.com/query-string/-/query-string-7.1.1.tgz#754620669db978625a90f635f12617c271a088e1"
  integrity sha512-MplouLRDHBZSG9z7fpuAAcI7aAYjDLhtsiVZsevsfaHWDS2IDdORKbSd1kWUA+V4zyva/HZoSfpwnYMMQDhb0w==
  dependencies:
    decode-uri-component "^0.2.0"
    filter-obj "^1.1.0"
    split-on-first "^1.0.0"
    strict-uri-encode "^2.0.0"

quick-format-unescaped@^4.0.3:
  version "4.0.4"
  resolved "https://registry.yarnpkg.com/quick-format-unescaped/-/quick-format-unescaped-4.0.4.tgz#93ef6dd8d3453cbc7970dd614fad4c5954d6b5a7"
  integrity sha512-tYC1Q1hgyRuHgloV/YXs2w15unPVh8qfu/qCTfhTYamaw7fyhumKa2yGpdSo87vY32rIclj+4fWYQXUMs9EHvg==

readable-stream@^3.1.1:
  version "3.6.0"
  resolved "https://registry.yarnpkg.com/readable-stream/-/readable-stream-3.6.0.tgz#337bbda3adc0706bd3e024426a286d4b4b2c9198"
  integrity sha512-BViHy7LKeTz4oNnkcLJ+lVSL6vpiFeX6/d3oSH8zCW7UxP2onchk+vTGB143xuFjHS3deTgkKoXXymXqymiIdA==
  dependencies:
    inherits "^2.0.3"
    string_decoder "^1.1.1"
    util-deprecate "^1.0.1"

real-require@^0.1.0:
  version "0.1.0"
  resolved "https://registry.yarnpkg.com/real-require/-/real-require-0.1.0.tgz#736ac214caa20632847b7ca8c1056a0767df9381"
  integrity sha512-r/H9MzAWtrv8aSVjPCMFpDMl5q66GqtmmRkRjpHTsp4zBAa+snZyiQNlMONiUmEJcsnaw0wCauJ2GWODr/aFkg==

resolve@^1.22.1:
  version "1.22.1"
  resolved "https://registry.yarnpkg.com/resolve/-/resolve-1.22.1.tgz#27cb2ebb53f91abb49470a928bba7558066ac177"
  integrity sha512-nBpuuYuY5jFsli/JIs1oldw6fOQCBioohqWZg/2hiaOybXOft4lonv85uDOKXdf8rhyK159cxU5cDcK/NKk8zw==
  dependencies:
    is-core-module "^2.9.0"
    path-parse "^1.0.7"
    supports-preserve-symlinks-flag "^1.0.0"

rollup@^2.79.1:
  version "2.79.1"
  resolved "https://registry.yarnpkg.com/rollup/-/rollup-2.79.1.tgz#bedee8faef7c9f93a2647ac0108748f497f081c7"
  integrity sha512-uKxbd0IhMZOhjAiD5oAFp7BqvkA4Dv47qpOCtaNvng4HBwdbWtdOh8f5nZNuk2rp51PMGk3bzfWu5oayNEuYnw==
  optionalDependencies:
    fsevents "~2.3.2"

safe-buffer@~5.2.0:
  version "5.2.1"
  resolved "https://registry.yarnpkg.com/safe-buffer/-/safe-buffer-5.2.1.tgz#1eaf9fa9bdb1fdd4ec75f58f9cdb4e6b7827eec6"
  integrity sha512-rp3So07KcdmmKbGvgaNxQSJr7bGVSVk5S9Eq1F+ppbRo70+YeaDxkw5Dd8NPN+GD6bjnYm2VuPuCXmpuYvmCXQ==

safe-json-utils@^1.1.1:
  version "1.1.1"
  resolved "https://registry.yarnpkg.com/safe-json-utils/-/safe-json-utils-1.1.1.tgz#0e883874467d95ab914c3f511096b89bfb3e63b1"
  integrity sha512-SAJWGKDs50tAbiDXLf89PDwt9XYkWyANFWVzn4dTXl5QyI8t2o/bW5/OJl3lvc2WVU4MEpTo9Yz5NVFNsp+OJQ==

safe-stable-stringify@^2.1.0:
  version "2.4.1"
  resolved "https://registry.yarnpkg.com/safe-stable-stringify/-/safe-stable-stringify-2.4.1.tgz#34694bd8a30575b7f94792aa51527551bd733d61"
  integrity sha512-dVHE6bMtS/bnL2mwualjc6IxEv1F+OCUpA46pKUj6F8uDbUM0jCCulPqRNPSnWwGNKx5etqMjZYdXtrm5KJZGA==

sonic-boom@^2.2.1:
  version "2.8.0"
  resolved "https://registry.yarnpkg.com/sonic-boom/-/sonic-boom-2.8.0.tgz#c1def62a77425090e6ad7516aad8eb402e047611"
  integrity sha512-kuonw1YOYYNOve5iHdSahXPOK49GqwA+LZhI6Wz/l0rP57iKyXXIHaRagOBHAPmGwJC6od2Z9zgvZ5loSgMlVg==
  dependencies:
    atomic-sleep "^1.0.0"

source-map-js@^1.0.2:
  version "1.0.2"
  resolved "https://registry.yarnpkg.com/source-map-js/-/source-map-js-1.0.2.tgz#adbc361d9c62df380125e7f161f71c826f1e490c"
  integrity sha512-R0XvVJ9WusLiqTCEiGCmICCMplcCkIwwR11mOSD9CR5u+IXYdiseeEuXCVAjS54zqwkLcPNnmU4OeJ6tUrWhDw==

split-on-first@^1.0.0:
  version "1.1.0"
  resolved "https://registry.yarnpkg.com/split-on-first/-/split-on-first-1.1.0.tgz#f610afeee3b12bce1d0c30425e76398b78249a5f"
  integrity sha512-43ZssAJaMusuKWL8sKUBQXHWOpq8d6CfN/u1p4gUzfJkM05C8rxTmYrkIPTXapZpORA6LkkzcUulJ8FqA7Uudw==

split2@^4.0.0:
  version "4.1.0"
  resolved "https://registry.yarnpkg.com/split2/-/split2-4.1.0.tgz#101907a24370f85bb782f08adaabe4e281ecf809"
  integrity sha512-VBiJxFkxiXRlUIeyMQi8s4hgvKCSjtknJv/LVYbrgALPwf5zSKmEwV9Lst25AkvMDnvxODugjdl6KZgwKM1WYQ==

stream-shift@^1.0.0:
  version "1.0.1"
  resolved "https://registry.yarnpkg.com/stream-shift/-/stream-shift-1.0.1.tgz#d7088281559ab2778424279b0877da3c392d5a3d"
  integrity sha512-AiisoFqQ0vbGcZgQPY1cdP2I76glaVA/RauYR4G4thNFgkTqr90yXTo4LYX60Jl+sIlPNHHdGSwo01AvbKUSVQ==

strict-uri-encode@^2.0.0:
  version "2.0.0"
  resolved "https://registry.yarnpkg.com/strict-uri-encode/-/strict-uri-encode-2.0.0.tgz#b9c7330c7042862f6b142dc274bbcc5866ce3546"
  integrity sha512-QwiXZgpRcKkhTj2Scnn++4PKtWsH0kpzZ62L2R6c/LUVYv7hVnZqcg2+sMuT6R7Jusu1vviK/MFsu6kNJfWlEQ==

string_decoder@^1.1.1:
  version "1.3.0"
  resolved "https://registry.yarnpkg.com/string_decoder/-/string_decoder-1.3.0.tgz#42f114594a46cf1a8e30b0a84f56c78c3edac21e"
  integrity sha512-hkRX8U1WjJFd8LsDJ2yQ/wWWxaopEsABU1XfkM8A+j0+85JAGppt16cr1Whg6KIbb4okU6Mql6BOj+uup/wKeA==
  dependencies:
    safe-buffer "~5.2.0"

supports-preserve-symlinks-flag@^1.0.0:
  version "1.0.0"
  resolved "https://registry.yarnpkg.com/supports-preserve-symlinks-flag/-/supports-preserve-symlinks-flag-1.0.0.tgz#6eda4bd344a3c94aea376d4cc31bc77311039e09"
  integrity sha512-ot0WnXS9fgdkgIcePe6RHNk1WA8+muPa6cSjeR3V8K27q9BB1rTE3R1p7Hv0z1ZyAc8s6Vvv8DIyWf681MAt0w==

thread-stream@^0.15.1:
  version "0.15.2"
  resolved "https://registry.yarnpkg.com/thread-stream/-/thread-stream-0.15.2.tgz#fb95ad87d2f1e28f07116eb23d85aba3bc0425f4"
  integrity sha512-UkEhKIg2pD+fjkHQKyJO3yoIvAP3N6RlNFt2dUhcS1FGvCD1cQa1M/PGknCLFIyZdtJOWQjejp7bdNqmN7zwdA==
  dependencies:
    real-require "^0.1.0"

tslib@^2.4.1:
  version "2.4.1"
  resolved "https://registry.yarnpkg.com/tslib/-/tslib-2.4.1.tgz#0d0bfbaac2880b91e22df0768e55be9753a5b17e"
  integrity sha512-tGyy4dAjRIEwI7BzsB0lynWgOpfqjUdq91XXAlIWD2OwKBH7oCl/GZG/HT4BOHrTlPMOASlMQ7veyTqpmRcrNA==

typescript@^4.9.3:
  version "4.9.3"
  resolved "https://registry.yarnpkg.com/typescript/-/typescript-4.9.3.tgz#3aea307c1746b8c384435d8ac36b8a2e580d85db"
  integrity sha512-CIfGzTelbKNEnLpLdGFgdyKhG23CKdKgQPOBc+OUNrkJ2vr+KSzsSV5kq5iWhEQbok+quxgGzrAtGWCyU7tHnA==

uint8arrays@3.1.0:
  version "3.1.0"
  resolved "https://registry.yarnpkg.com/uint8arrays/-/uint8arrays-3.1.0.tgz#8186b8eafce68f28bd29bd29d683a311778901e2"
  integrity sha512-ei5rfKtoRO8OyOIor2Rz5fhzjThwIHJZ3uyDPnDHTXbP0aMQ1RN/6AI5B5d9dBxJOU+BvOAk7ZQ1xphsX8Lrog==
  dependencies:
    multiformats "^9.4.2"

uint8arrays@^3.0.0:
  version "3.1.1"
  resolved "https://registry.yarnpkg.com/uint8arrays/-/uint8arrays-3.1.1.tgz#2d8762acce159ccd9936057572dade9459f65ae0"
  integrity sha512-+QJa8QRnbdXVpHYjLoTpJIdCTiw9Ir62nocClWuXIq2JIh4Uta0cQsTSpFL678p2CN8B+XSApwcU+pQEqVpKWg==
  dependencies:
    multiformats "^9.4.2"

util-deprecate@^1.0.1:
  version "1.0.2"
  resolved "https://registry.yarnpkg.com/util-deprecate/-/util-deprecate-1.0.2.tgz#450d4dc9fa70de732762fbd2d4a28981419a0ccf"
  integrity sha512-EPD5q1uXyFxJpCrLnCc1nHnq3gOa6DZBocAIiI2TaSCA7VCJ1UJDMagCzIkXNsUYfD1daK//LTEQ8xiIbrHtcw==

vite@^3.2.4:
  version "3.2.4"
  resolved "https://registry.yarnpkg.com/vite/-/vite-3.2.4.tgz#d8c7892dd4268064e04fffbe7d866207dd24166e"
  integrity sha512-Z2X6SRAffOUYTa+sLy3NQ7nlHFU100xwanq1WDwqaiFiCe+25zdxP1TfCS5ojPV2oDDcXudHIoPnI1Z/66B7Yw==
  dependencies:
    esbuild "^0.15.9"
    postcss "^8.4.18"
    resolve "^1.22.1"
    rollup "^2.79.1"
  optionalDependencies:
    fsevents "~2.3.2"

wrappy@1:
  version "1.0.2"
  resolved "https://registry.yarnpkg.com/wrappy/-/wrappy-1.0.2.tgz#b5243d8f3ec1aa35f1364605bc0d1036e30ab69f"
  integrity sha512-l4Sp/DRseor9wL6EvV2+TuQn63dMkPjZ/sp9XkghTEbV9KlPS1xUsZ3u7/IQO4wxtcFB4bgpQPRcR3QCvezPcQ==

ws@^7.5.1:
  version "7.5.9"
  resolved "https://registry.yarnpkg.com/ws/-/ws-7.5.9.tgz#54fa7db29f4c7cec68b1ddd3a89de099942bb591"
  integrity sha512-F+P9Jil7UiSKSkppIiD94dN07AwvFixvLIj1Og1Rl9GGMuNipJnV9JzjD6XuqmAeiswGvUmNLjr5cFuXwNS77Q==
